
Microsoft Visual Studio Solution File, Format Version 12.00
# Visual Studio 15
VisualStudioVersion = 15.0.26730.15
MinimumVisualStudioVersion = 10.0.40219.1
Project("{FAE04EC0-301F-11D3-BF4B-00C04F79EFBC}") = "HotelManagementServices", "HotelManagementServices\HotelManagementServices.csproj", "{9915BE83-B41F-47E7-8810-38D717EFFDC4}"
EndProject
Global
	GlobalSection(SolutionConfigurationPlatforms) = preSolution
		Debug|Any CPU = Debug|Any CPU
		Release|Any CPU = Release|Any CPU
	EndGlobalSection
	GlobalSection(ProjectConfigurationPlatforms) = postSolution
		{9915BE83-B41F-47E7-8810-38D717EFFDC4}.Debug|Any CPU.ActiveCfg = Debug|Any CPU
		{9915BE83-B41F-47E7-8810-38D717EFFDC4}.Debug|Any CPU.Build.0 = Debug|Any CPU
		{9915BE83-B41F-47E7-8810-38D717EFFDC4}.Release|Any CPU.ActiveCfg = Release|Any CPU
		{9915BE83-B41F-47E7-8810-38D717EFFDC4}.Release|Any CPU.Build.0 = Release|Any CPU
	EndGlobalSection
	GlobalSection(SolutionProperties) = preSolution
		HideSolutionNode = FALSE
	EndGlobalSection
	GlobalSection(ExtensibilityGlobals) = postSolution
		SolutionGuid = {CCE92A81-CF34-41E1-B70D-4CC11067C9B8}
	EndGlobalSection
EndGlobal
